
Microsoft Visual Studio Solution File, Format Version 12.00
# Blend for Visual Studio 15
VisualStudioVersion = 15.0.28010.2019
MinimumVisualStudioVersion = 10.0.40219.1
Project("{FAE04EC0-301F-11D3-BF4B-00C04F79EFBC}") = "WpfSamples", "WpfSamples\WpfSamples.csproj", "{7D34D9E1-682E-4258-A11E-55B2013C202C}"
EndProject
Project("{FAE04EC0-301F-11D3-BF4B-00C04F79EFBC}") = "BindingTest", "BindingTest\BindingTest.csproj", "{3D3B55DC-CEA9-4036-8634-1D96D65D1584}"
EndProject
Project("{FAE04EC0-301F-11D3-BF4B-00C04F79EFBC}") = "WpfMyWindowUI", "WpfMyWindowUI\WpfMyWindowUI.csproj", "{2119625D-24E5-4BFF-A583-B4D4906D9B4A}"
EndProject
Global
	GlobalSection(SolutionConfigurationPlatforms) = preSolution
		Debug|Any CPU = Debug|Any CPU
		Release|Any CPU = Release|Any CPU
	EndGlobalSection
	GlobalSection(ProjectConfigurationPlatforms) = postSolution
		{7D34D9E1-682E-4258-A11E-55B2013C202C}.Debug|Any CPU.ActiveCfg = Debug|Any CPU
		{7D34D9E1-682E-4258-A11E-55B2013C202C}.Debug|Any CPU.Build.0 = Debug|Any CPU
		{7D34D9E1-682E-4258-A11E-55B2013C202C}.Release|Any CPU.ActiveCfg = Release|Any CPU
		{7D34D9E1-682E-4258-A11E-55B2013C202C}.Release|Any CPU.Build.0 = Release|Any CPU
		{3D3B55DC-CEA9-4036-8634-1D96D65D1584}.Debug|Any CPU.ActiveCfg = Debug|Any CPU
		{3D3B55DC-CEA9-4036-8634-1D96D65D1584}.Debug|Any CPU.Build.0 = Debug|Any CPU
		{3D3B55DC-CEA9-4036-8634-1D96D65D1584}.Release|Any CPU.ActiveCfg = Release|Any CPU
		{3D3B55DC-CEA9-4036-8634-1D96D65D1584}.Release|Any CPU.Build.0 = Release|Any CPU
		{2119625D-24E5-4BFF-A583-B4D4906D9B4A}.Debug|Any CPU.ActiveCfg = Debug|Any CPU
		{2119625D-24E5-4BFF-A583-B4D4906D9B4A}.Debug|Any CPU.Build.0 = Debug|Any CPU
		{2119625D-24E5-4BFF-A583-B4D4906D9B4A}.Release|Any CPU.ActiveCfg = Release|Any CPU
		{2119625D-24E5-4BFF-A583-B4D4906D9B4A}.Release|Any CPU.Build.0 = Release|Any CPU
	EndGlobalSection
	GlobalSection(SolutionProperties) = preSolution
		HideSolutionNode = FALSE
	EndGlobalSection
	GlobalSection(ExtensibilityGlobals) = postSolution
		SolutionGuid = {5FBCE7CF-B2B8-4F08-AE09-E9BB6942B1F7}
	EndGlobalSection
EndGlobal
